
Microsoft Visual Studio Solution File, Format Version 12.00
Project("{FAE04EC0-301F-11D3-BF4B-00C04F79EFBC}") = "MoneyMateApi.Tests", "MoneyMateApi\test\MoneyMateApi.Tests\MoneyMateApi.Tests.csproj", "{05153ACE-37A0-4342-9EC8-1396BFC1CCD1}"
EndProject
Project("{FAE04EC0-301F-11D3-BF4B-00C04F79EFBC}") = "MoneyMateApi", "MoneyMateApi\src\MoneyMateApi.csproj", "{ACC2F89E-186F-400A-93E8-7E2EE0DE98EE}"
EndProject
Project("{FAE04EC0-301F-11D3-BF4B-00C04F79EFBC}") = "MoneyMateApi.IntegrationTests", "MoneyMateApi\test\MoneyMateApi.IntegrationTests\MoneyMateApi.IntegrationTests.csproj", "{E981C473-FD1C-4511-9127-47DAA771BDFC}"
EndProject
Project("{FAE04EC0-301F-11D3-BF4B-00C04F79EFBC}") = "MoneyMateApi.Tests.Common", "MoneyMateApi\test\MoneyMateApi.Tests.Common\MoneyMateApi.Tests.Common.csproj", "{35ED049E-D88B-4B4B-9EFF-668A77C61F60}"
EndProject
Global
	GlobalSection(SolutionConfigurationPlatforms) = preSolution
		Debug|Any CPU = Debug|Any CPU
		Release|Any CPU = Release|Any CPU
	EndGlobalSection
	GlobalSection(ProjectConfigurationPlatforms) = postSolution
		{05153ACE-37A0-4342-9EC8-1396BFC1CCD1}.Debug|Any CPU.ActiveCfg = Debug|Any CPU
		{05153ACE-37A0-4342-9EC8-1396BFC1CCD1}.Debug|Any CPU.Build.0 = Debug|Any CPU
		{05153ACE-37A0-4342-9EC8-1396BFC1CCD1}.Release|Any CPU.ActiveCfg = Release|Any CPU
		{05153ACE-37A0-4342-9EC8-1396BFC1CCD1}.Release|Any CPU.Build.0 = Release|Any CPU
		{ACC2F89E-186F-400A-93E8-7E2EE0DE98EE}.Debug|Any CPU.ActiveCfg = Debug|Any CPU
		{ACC2F89E-186F-400A-93E8-7E2EE0DE98EE}.Debug|Any CPU.Build.0 = Debug|Any CPU
		{ACC2F89E-186F-400A-93E8-7E2EE0DE98EE}.Release|Any CPU.ActiveCfg = Release|Any CPU
		{ACC2F89E-186F-400A-93E8-7E2EE0DE98EE}.Release|Any CPU.Build.0 = Release|Any CPU
		{E981C473-FD1C-4511-9127-47DAA771BDFC}.Debug|Any CPU.ActiveCfg = Debug|Any CPU
		{E981C473-FD1C-4511-9127-47DAA771BDFC}.Debug|Any CPU.Build.0 = Debug|Any CPU
		{E981C473-FD1C-4511-9127-47DAA771BDFC}.Release|Any CPU.ActiveCfg = Release|Any CPU
		{E981C473-FD1C-4511-9127-47DAA771BDFC}.Release|Any CPU.Build.0 = Release|Any CPU
		{35ED049E-D88B-4B4B-9EFF-668A77C61F60}.Debug|Any CPU.ActiveCfg = Debug|Any CPU
		{35ED049E-D88B-4B4B-9EFF-668A77C61F60}.Debug|Any CPU.Build.0 = Debug|Any CPU
		{35ED049E-D88B-4B4B-9EFF-668A77C61F60}.Release|Any CPU.ActiveCfg = Release|Any CPU
		{35ED049E-D88B-4B4B-9EFF-668A77C61F60}.Release|Any CPU.Build.0 = Release|Any CPU
	EndGlobalSection
	GlobalSection(NestedProjects) = preSolution
	EndGlobalSection
EndGlobal
