
Microsoft Visual Studio Solution File, Format Version 12.00
Project("{FAE04EC0-301F-11D3-BF4B-00C04F79EFBC}") = "MoneyMateAPI.Tests", "MoneyMateAPI\test\MoneyMateAPI.Tests\MoneyMateAPI.Tests.csproj", "{043BA970-E31D-425B-BBE1-D46FD79EA9BD}"
EndProject
Project("{FAE04EC0-301F-11D3-BF4B-00C04F79EFBC}") = "MoneyMateAPI", "MoneyMateAPI\src\MoneyMateAPI\MoneyMateAPI.csproj", "{48527542-FFB0-4E77-BA33-96B08C5BE383}"
EndProject
Global
	GlobalSection(SolutionConfigurationPlatforms) = preSolution
		Debug|Any CPU = Debug|Any CPU
		Release|Any CPU = Release|Any CPU
	EndGlobalSection
	GlobalSection(ProjectConfigurationPlatforms) = postSolution
		{043BA970-E31D-425B-BBE1-D46FD79EA9BD}.Debug|Any CPU.ActiveCfg = Debug|Any CPU
		{043BA970-E31D-425B-BBE1-D46FD79EA9BD}.Debug|Any CPU.Build.0 = Debug|Any CPU
		{043BA970-E31D-425B-BBE1-D46FD79EA9BD}.Release|Any CPU.ActiveCfg = Release|Any CPU
		{043BA970-E31D-425B-BBE1-D46FD79EA9BD}.Release|Any CPU.Build.0 = Release|Any CPU
		{48527542-FFB0-4E77-BA33-96B08C5BE383}.Debug|Any CPU.ActiveCfg = Debug|Any CPU
		{48527542-FFB0-4E77-BA33-96B08C5BE383}.Debug|Any CPU.Build.0 = Debug|Any CPU
		{48527542-FFB0-4E77-BA33-96B08C5BE383}.Release|Any CPU.ActiveCfg = Release|Any CPU
		{48527542-FFB0-4E77-BA33-96B08C5BE383}.Release|Any CPU.Build.0 = Release|Any CPU
	EndGlobalSection
EndGlobal
